
Microsoft Visual Studio Solution File, Format Version 12.00
# Visual Studio Version 17
VisualStudioVersion = 17.3.32929.385
MinimumVisualStudioVersion = 10.0.40219.1
Project("{FAE04EC0-301F-11D3-BF4B-00C04F79EFBC}") = "Azmoonak", "Azmoonak\Azmoonak.csproj", "{701FC8E2-99E4-4FF5-80E7-ADE0CA12E33E}"
EndProject
Project("{FAE04EC0-301F-11D3-BF4B-00C04F79EFBC}") = "Azmoonak.Core", "Azmoonak.Core\Azmoonak.Core.csproj", "{A9F42A16-6F8E-4C6B-8B6D-C91D8D544B7C}"
EndProject
Project("{FAE04EC0-301F-11D3-BF4B-00C04F79EFBC}") = "Azmoonak.Database", "Azmoonak.Database\Azmoonak.Database.csproj", "{D1053C22-8FA5-4111-BC49-D705979CDAE6}"
EndProject
Global
	GlobalSection(SolutionConfigurationPlatforms) = preSolution
		Debug|Any CPU = Debug|Any CPU
		Release|Any CPU = Release|Any CPU
	EndGlobalSection
	GlobalSection(ProjectConfigurationPlatforms) = postSolution
		{701FC8E2-99E4-4FF5-80E7-ADE0CA12E33E}.Debug|Any CPU.ActiveCfg = Debug|Any CPU
		{701FC8E2-99E4-4FF5-80E7-ADE0CA12E33E}.Debug|Any CPU.Build.0 = Debug|Any CPU
		{701FC8E2-99E4-4FF5-80E7-ADE0CA12E33E}.Release|Any CPU.ActiveCfg = Release|Any CPU
		{701FC8E2-99E4-4FF5-80E7-ADE0CA12E33E}.Release|Any CPU.Build.0 = Release|Any CPU
		{A9F42A16-6F8E-4C6B-8B6D-C91D8D544B7C}.Debug|Any CPU.ActiveCfg = Debug|Any CPU
		{A9F42A16-6F8E-4C6B-8B6D-C91D8D544B7C}.Debug|Any CPU.Build.0 = Debug|Any CPU
		{A9F42A16-6F8E-4C6B-8B6D-C91D8D544B7C}.Release|Any CPU.ActiveCfg = Release|Any CPU
		{A9F42A16-6F8E-4C6B-8B6D-C91D8D544B7C}.Release|Any CPU.Build.0 = Release|Any CPU
		{D1053C22-8FA5-4111-BC49-D705979CDAE6}.Debug|Any CPU.ActiveCfg = Debug|Any CPU
		{D1053C22-8FA5-4111-BC49-D705979CDAE6}.Debug|Any CPU.Build.0 = Debug|Any CPU
		{D1053C22-8FA5-4111-BC49-D705979CDAE6}.Release|Any CPU.ActiveCfg = Release|Any CPU
		{D1053C22-8FA5-4111-BC49-D705979CDAE6}.Release|Any CPU.Build.0 = Release|Any CPU
	EndGlobalSection
	GlobalSection(SolutionProperties) = preSolution
		HideSolutionNode = FALSE
	EndGlobalSection
	GlobalSection(ExtensibilityGlobals) = postSolution
		SolutionGuid = {B57AB432-62CC-4520-AA91-B2D6C31AC214}
	EndGlobalSection
EndGlobal
